// !$*UTF8*$!
{
	archiveVersion = 1;
	classes = {
	};
	objectVersion = 56;
	objects = {

/* Begin PBXBuildFile section */
		225FB5602B7458B500181FE6 /* AppDelegate.swift in Sources */ = {isa = PBXBuildFile; fileRef = 225FB55F2B7458B500181FE6 /* AppDelegate.swift */; };
		225FB5622B7458B500181FE6 /* SceneDelegate.swift in Sources */ = {isa = PBXBuildFile; fileRef = 225FB5612B7458B500181FE6 /* SceneDelegate.swift */; };
		225FB5642B7458B500181FE6 /* ViewController.swift in Sources */ = {isa = PBXBuildFile; fileRef = 225FB5632B7458B500181FE6 /* ViewController.swift */; };
		225FB5672B7458B500181FE6 /* Main.storyboard in Resources */ = {isa = PBXBuildFile; fileRef = 225FB5652B7458B500181FE6 /* Main.storyboard */; };
		225FB5692B7458B600181FE6 /* Assets.xcassets in Resources */ = {isa = PBXBuildFile; fileRef = 225FB5682B7458B600181FE6 /* Assets.xcassets */; };
		225FB56C2B7458B600181FE6 /* LaunchScreen.storyboard in Resources */ = {isa = PBXBuildFile; fileRef = 225FB56A2B7458B600181FE6 /* LaunchScreen.storyboard */; };
		225FB5772B7458B600181FE6 /* CarOptionMiniAppTabitaSTests.swift in Sources */ = {isa = PBXBuildFile; fileRef = 225FB5762B7458B600181FE6 /* CarOptionMiniAppTabitaSTests.swift */; };
		225FB5812B7458B600181FE6 /* CarOptionMiniAppTabitaSUITests.swift in Sources */ = {isa = PBXBuildFile; fileRef = 225FB5802B7458B600181FE6 /* CarOptionMiniAppTabitaSUITests.swift */; };
		225FB5832B7458B600181FE6 /* CarOptionMiniAppTabitaSUITestsLaunchTests.swift in Sources */ = {isa = PBXBuildFile; fileRef = 225FB5822B7458B600181FE6 /* CarOptionMiniAppTabitaSUITestsLaunchTests.swift */; };
/* End PBXBuildFile section */

/* Begin PBXContainerItemProxy section */
		225FB5732B7458B600181FE6 /* PBXContainerItemProxy */ = {
			isa = PBXContainerItemProxy;
			containerPortal = 225FB5542B7458B500181FE6 /* Project object */;
			proxyType = 1;
			remoteGlobalIDString = 225FB55B2B7458B500181FE6;
			remoteInfo = CarOptionMiniAppTabitaS;
		};
		225FB57D2B7458B600181FE6 /* PBXContainerItemProxy */ = {
			isa = PBXContainerItemProxy;
			containerPortal = 225FB5542B7458B500181FE6 /* Project object */;
			proxyType = 1;
			remoteGlobalIDString = 225FB55B2B7458B500181FE6;
			remoteInfo = CarOptionMiniAppTabitaS;
		};
/* End PBXContainerItemProxy section */

/* Begin PBXFileReference section */
		225FB55C2B7458B500181FE6 /* CarOptionMiniAppTabitaS.app */ = {isa = PBXFileReference; explicitFileType = wrapper.application; includeInIndex = 0; path = CarOptionMiniAppTabitaS.app; sourceTree = BUILT_PRODUCTS_DIR; };
		225FB55F2B7458B500181FE6 /* AppDelegate.swift */ = {isa = PBXFileReference; lastKnownFileType = sourcecode.swift; path = AppDelegate.swift; sourceTree = "<group>"; };
		225FB5612B7458B500181FE6 /* SceneDelegate.swift */ = {isa = PBXFileReference; lastKnownFileType = sourcecode.swift; path = SceneDelegate.swift; sourceTree = "<group>"; };
		225FB5632B7458B500181FE6 /* ViewController.swift */ = {isa = PBXFileReference; lastKnownFileType = sourcecode.swift; path = ViewController.swift; sourceTree = "<group>"; };
		225FB5662B7458B500181FE6 /* Base */ = {isa = PBXFileReference; lastKnownFileType = file.storyboard; name = Base; path = Base.lproj/Main.storyboard; sourceTree = "<group>"; };
		225FB5682B7458B600181FE6 /* Assets.xcassets */ = {isa = PBXFileReference; lastKnownFileType = folder.assetcatalog; path = Assets.xcassets; sourceTree = "<group>"; };
		225FB56B2B7458B600181FE6 /* Base */ = {isa = PBXFileReference; lastKnownFileType = file.storyboard; name = Base; path = Base.lproj/LaunchScreen.storyboard; sourceTree = "<group>"; };
		225FB56D2B7458B600181FE6 /* Info.plist */ = {isa = PBXFileReference; lastKnownFileType = text.plist.xml; path = Info.plist; sourceTree = "<group>"; };
		225FB5722B7458B600181FE6 /* CarOptionMiniAppTabitaSTests.xctest */ = {isa = PBXFileReference; explicitFileType = wrapper.cfbundle; includeInIndex = 0; path = CarOptionMiniAppTabitaSTests.xctest; sourceTree = BUILT_PRODUCTS_DIR; };
		225FB5762B7458B600181FE6 /* CarOptionMiniAppTabitaSTests.swift */ = {isa = PBXFileReference; lastKnownFileType = sourcecode.swift; path = CarOptionMiniAppTabitaSTests.swift; sourceTree = "<group>"; };
		225FB57C2B7458B600181FE6 /* CarOptionMiniAppTabitaSUITests.xctest */ = {isa = PBXFileReference; explicitFileType = wrapper.cfbundle; includeInIndex = 0; path = CarOptionMiniAppTabitaSUITests.xctest; sourceTree = BUILT_PRODUCTS_DIR; };
		225FB5802B7458B600181FE6 /* CarOptionMiniAppTabitaSUITests.swift */ = {isa = PBXFileReference; lastKnownFileType = sourcecode.swift; path = CarOptionMiniAppTabitaSUITests.swift; sourceTree = "<group>"; };
		225FB5822B7458B600181FE6 /* CarOptionMiniAppTabitaSUITestsLaunchTests.swift */ = {isa = PBXFileReference; lastKnownFileType = sourcecode.swift; path = CarOptionMiniAppTabitaSUITestsLaunchTests.swift; sourceTree = "<group>"; };
/* End PBXFileReference section */

/* Begin PBXFrameworksBuildPhase section */
		225FB5592B7458B500181FE6 /* Frameworks */ = {
			isa = PBXFrameworksBuildPhase;
			buildActionMask = 2147483647;
			files = (
			);
			runOnlyForDeploymentPostprocessing = 0;
		};
		225FB56F2B7458B600181FE6 /* Frameworks */ = {
			isa = PBXFrameworksBuildPhase;
			buildActionMask = 2147483647;
			files = (
			);
			runOnlyForDeploymentPostprocessing = 0;
		};
		225FB5792B7458B600181FE6 /* Frameworks */ = {
			isa = PBXFrameworksBuildPhase;
			buildActionMask = 2147483647;
			files = (
			);
			runOnlyForDeploymentPostprocessing = 0;
		};
/* End PBXFrameworksBuildPhase section */

/* Begin PBXGroup section */
		225FB5532B7458B500181FE6 = {
			isa = PBXGroup;
			children = (
				225FB55E2B7458B500181FE6 /* CarOptionMiniAppTabitaS */,
				225FB5752B7458B600181FE6 /* CarOptionMiniAppTabitaSTests */,
				225FB57F2B7458B600181FE6 /* CarOptionMiniAppTabitaSUITests */,
				225FB55D2B7458B500181FE6 /* Products */,
			);
			sourceTree = "<group>";
		};
		225FB55D2B7458B500181FE6 /* Products */ = {
			isa = PBXGroup;
			children = (
				225FB55C2B7458B500181FE6 /* CarOptionMiniAppTabitaS.app */,
				225FB5722B7458B600181FE6 /* CarOptionMiniAppTabitaSTests.xctest */,
				225FB57C2B7458B600181FE6 /* CarOptionMiniAppTabitaSUITests.xctest */,
			);
			name = Products;
			sourceTree = "<group>";
		};
		225FB55E2B7458B500181FE6 /* CarOptionMiniAppTabitaS */ = {
			isa = PBXGroup;
			children = (
				225FB55F2B7458B500181FE6 /* AppDelegate.swift */,
				225FB5612B7458B500181FE6 /* SceneDelegate.swift */,
				225FB5632B7458B500181FE6 /* ViewController.swift */,
				225FB5652B7458B500181FE6 /* Main.storyboard */,
				225FB5682B7458B600181FE6 /* Assets.xcassets */,
				225FB56A2B7458B600181FE6 /* LaunchScreen.storyboard */,
				225FB56D2B7458B600181FE6 /* Info.plist */,
			);
			path = CarOptionMiniAppTabitaS;
			sourceTree = "<group>";
		};
		225FB5752B7458B600181FE6 /* CarOptionMiniAppTabitaSTests */ = {
			isa = PBXGroup;
			children = (
				225FB5762B7458B600181FE6 /* CarOptionMiniAppTabitaSTests.swift */,
			);
			path = CarOptionMiniAppTabitaSTests;
			sourceTree = "<group>";
		};
		225FB57F2B7458B600181FE6 /* CarOptionMiniAppTabitaSUITests */ = {
			isa = PBXGroup;
			children = (
				225FB5802B7458B600181FE6 /* CarOptionMiniAppTabitaSUITests.swift */,
				225FB5822B7458B600181FE6 /* CarOptionMiniAppTabitaSUITestsLaunchTests.swift */,
			);
			path = CarOptionMiniAppTabitaSUITests;
			sourceTree = "<group>";
		};
/* End PBXGroup section */

/* Begin PBXNativeTarget section */
		225FB55B2B7458B500181FE6 /* CarOptionMiniAppTabitaS */ = {
			isa = PBXNativeTarget;
			buildConfigurationList = 225FB5862B7458B600181FE6 /* Build configuration list for PBXNativeTarget "CarOptionMiniAppTabitaS" */;
			buildPhases = (
				225FB5582B7458B500181FE6 /* Sources */,
				225FB5592B7458B500181FE6 /* Frameworks */,
				225FB55A2B7458B500181FE6 /* Resources */,
			);
			buildRules = (
			);
			dependencies = (
			);
			name = CarOptionMiniAppTabitaS;
			productName = CarOptionMiniAppTabitaS;
			productReference = 225FB55C2B7458B500181FE6 /* CarOptionMiniAppTabitaS.app */;
			productType = "com.apple.product-type.application";
		};
		225FB5712B7458B600181FE6 /* CarOptionMiniAppTabitaSTests */ = {
			isa = PBXNativeTarget;
			buildConfigurationList = 225FB5892B7458B600181FE6 /* Build configuration list for PBXNativeTarget "CarOptionMiniAppTabitaSTests" */;
			buildPhases = (
				225FB56E2B7458B600181FE6 /* Sources */,
				225FB56F2B7458B600181FE6 /* Frameworks */,
				225FB5702B7458B600181FE6 /* Resources */,
			);
			buildRules = (
			);
			dependencies = (
				225FB5742B7458B600181FE6 /* PBXTargetDependency */,
			);
			name = CarOptionMiniAppTabitaSTests;
			productName = CarOptionMiniAppTabitaSTests;
			productReference = 225FB5722B7458B600181FE6 /* CarOptionMiniAppTabitaSTests.xctest */;
			productType = "com.apple.product-type.bundle.unit-test";
		};
		225FB57B2B7458B600181FE6 /* CarOptionMiniAppTabitaSUITests */ = {
			isa = PBXNativeTarget;
			buildConfigurationList = 225FB58C2B7458B600181FE6 /* Build configuration list for PBXNativeTarget "CarOptionMiniAppTabitaSUITests" */;
			buildPhases = (
				225FB5782B7458B600181FE6 /* Sources */,
				225FB5792B7458B600181FE6 /* Frameworks */,
				225FB57A2B7458B600181FE6 /* Resources */,
			);
			buildRules = (
			);
			dependencies = (
				225FB57E2B7458B600181FE6 /* PBXTargetDependency */,
			);
			name = CarOptionMiniAppTabitaSUITests;
			productName = CarOptionMiniAppTabitaSUITests;
			productReference = 225FB57C2B7458B600181FE6 /* CarOptionMiniAppTabitaSUITests.xctest */;
			productType = "com.apple.product-type.bundle.ui-testing";
		};
/* End PBXNativeTarget section */

/* Begin PBXProject section */
		225FB5542B7458B500181FE6 /* Project object */ = {
			isa = PBXProject;
			attributes = {
				BuildIndependentTargetsInParallel = 1;
				LastSwiftUpdateCheck = 1520;
				LastUpgradeCheck = 1520;
				TargetAttributes = {
					225FB55B2B7458B500181FE6 = {
						CreatedOnToolsVersion = 15.2;
					};
					225FB5712B7458B600181FE6 = {
						CreatedOnToolsVersion = 15.2;
						TestTargetID = 225FB55B2B7458B500181FE6;
					};
					225FB57B2B7458B600181FE6 = {
						CreatedOnToolsVersion = 15.2;
						TestTargetID = 225FB55B2B7458B500181FE6;
					};
				};
			};
			buildConfigurationList = 225FB5572B7458B500181FE6 /* Build configuration list for PBXProject "CarOptionMiniAppTabitaS" */;
			compatibilityVersion = "Xcode 14.0";
			developmentRegion = en;
			hasScannedForEncodings = 0;
			knownRegions = (
				en,
				Base,
			);
			mainGroup = 225FB5532B7458B500181FE6;
			productRefGroup = 225FB55D2B7458B500181FE6 /* Products */;
			projectDirPath = "";
			projectRoot = "";
			targets = (
				225FB55B2B7458B500181FE6 /* CarOptionMiniAppTabitaS */,
				225FB5712B7458B600181FE6 /* CarOptionMiniAppTabitaSTests */,
				225FB57B2B7458B600181FE6 /* CarOptionMiniAppTabitaSUITests */,
			);
		};
/* End PBXProject section */

/* Begin PBXResourcesBuildPhase section */
		225FB55A2B7458B500181FE6 /* Resources */ = {
			isa = PBXResourcesBuildPhase;
			buildActionMask = 2147483647;
			files = (
				225FB56C2B7458B600181FE6 /* LaunchScreen.storyboard in Resources */,
				225FB5692B7458B600181FE6 /* Assets.xcassets in Resources */,
				225FB5672B7458B500181FE6 /* Main.storyboard in Resources */,
			);
			runOnlyForDeploymentPostprocessing = 0;
		};
		225FB5702B7458B600181FE6 /* Resources */ = {
			isa = PBXResourcesBuildPhase;
			buildActionMask = 2147483647;
			files = (
			);
			runOnlyForDeploymentPostprocessing = 0;
		};
		225FB57A2B7458B600181FE6 /* Resources */ = {
			isa = PBXResourcesBuildPhase;
			buildActionMask = 2147483647;
			files = (
			);
			runOnlyForDeploymentPostprocessing = 0;
		};
/* End PBXResourcesBuildPhase section */

/* Begin PBXSourcesBuildPhase section */
		225FB5582B7458B500181FE6 /* Sources */ = {
			isa = PBXSourcesBuildPhase;
			buildActionMask = 2147483647;
			files = (
				225FB5642B7458B500181FE6 /* ViewController.swift in Sources */,
				225FB5602B7458B500181FE6 /* AppDelegate.swift in Sources */,
				225FB5622B7458B500181FE6 /* SceneDelegate.swift in Sources */,
			);
			runOnlyForDeploymentPostprocessing = 0;
		};
		225FB56E2B7458B600181FE6 /* Sources */ = {
			isa = PBXSourcesBuildPhase;
			buildActionMask = 2147483647;
			files = (
				225FB5772B7458B600181FE6 /* CarOptionMiniAppTabitaSTests.swift in Sources */,
			);
			runOnlyForDeploymentPostprocessing = 0;
		};
		225FB5782B7458B600181FE6 /* Sources */ = {
			isa = PBXSourcesBuildPhase;
			buildActionMask = 2147483647;
			files = (
				225FB5832B7458B600181FE6 /* CarOptionMiniAppTabitaSUITestsLaunchTests.swift in Sources */,
				225FB5812B7458B600181FE6 /* CarOptionMiniAppTabitaSUITests.swift in Sources */,
			);
			runOnlyForDeploymentPostprocessing = 0;
		};
/* End PBXSourcesBuildPhase section */

/* Begin PBXTargetDependency section */
		225FB5742B7458B600181FE6 /* PBXTargetDependency */ = {
			isa = PBXTargetDependency;
			target = 225FB55B2B7458B500181FE6 /* CarOptionMiniAppTabitaS */;
			targetProxy = 225FB5732B7458B600181FE6 /* PBXContainerItemProxy */;
		};
		225FB57E2B7458B600181FE6 /* PBXTargetDependency */ = {
			isa = PBXTargetDependency;
			target = 225FB55B2B7458B500181FE6 /* CarOptionMiniAppTabitaS */;
			targetProxy = 225FB57D2B7458B600181FE6 /* PBXContainerItemProxy */;
		};
/* End PBXTargetDependency section */

/* Begin PBXVariantGroup section */
		225FB5652B7458B500181FE6 /* Main.storyboard */ = {
			isa = PBXVariantGroup;
			children = (
				225FB5662B7458B500181FE6 /* Base */,
			);
			name = Main.storyboard;
			sourceTree = "<group>";
		};
		225FB56A2B7458B600181FE6 /* LaunchScreen.storyboard */ = {
			isa = PBXVariantGroup;
			children = (
				225FB56B2B7458B600181FE6 /* Base */,
			);
			name = LaunchScreen.storyboard;
			sourceTree = "<group>";
		};
/* End PBXVariantGroup section */

/* Begin XCBuildConfiguration section */
		225FB5842B7458B600181FE6 /* Debug */ = {
			isa = XCBuildConfiguration;
			buildSettings = {
				ALWAYS_SEARCH_USER_PATHS = NO;
				ASSETCATALOG_COMPILER_GENERATE_SWIFT_ASSET_SYMBOL_EXTENSIONS = YES;
				CLANG_ANALYZER_NONNULL = YES;
				CLANG_ANALYZER_NUMBER_OBJECT_CONVERSION = YES_AGGRESSIVE;
				CLANG_CXX_LANGUAGE_STANDARD = "gnu++20";
				CLANG_ENABLE_MODULES = YES;
				CLANG_ENABLE_OBJC_ARC = YES;
				CLANG_ENABLE_OBJC_WEAK = YES;
				CLANG_WARN_BLOCK_CAPTURE_AUTORELEASING = YES;
				CLANG_WARN_BOOL_CONVERSION = YES;
				CLANG_WARN_COMMA = YES;
				CLANG_WARN_CONSTANT_CONVERSION = YES;
				CLANG_WARN_DEPRECATED_OBJC_IMPLEMENTATIONS = YES;
				CLANG_WARN_DIRECT_OBJC_ISA_USAGE = YES_ERROR;
				CLANG_WARN_DOCUMENTATION_COMMENTS = YES;
				CLANG_WARN_EMPTY_BODY = YES;
				CLANG_WARN_ENUM_CONVERSION = YES;
				CLANG_WARN_INFINITE_RECURSION = YES;
				CLANG_WARN_INT_CONVERSION = YES;
				CLANG_WARN_NON_LITERAL_NULL_CONVERSION = YES;
				CLANG_WARN_OBJC_IMPLICIT_RETAIN_SELF = YES;
				CLANG_WARN_OBJC_LITERAL_CONVERSION = YES;
				CLANG_WARN_OBJC_ROOT_CLASS = YES_ERROR;
				CLANG_WARN_QUOTED_INCLUDE_IN_FRAMEWORK_HEADER = YES;
				CLANG_WARN_RANGE_LOOP_ANALYSIS = YES;
				CLANG_WARN_STRICT_PROTOTYPES = YES;
				CLANG_WARN_SUSPICIOUS_MOVE = YES;
				CLANG_WARN_UNGUARDED_AVAILABILITY = YES_AGGRESSIVE;
				CLANG_WARN_UNREACHABLE_CODE = YES;
				CLANG_WARN__DUPLICATE_METHOD_MATCH = YES;
				COPY_PHASE_STRIP = NO;
				DEBUG_INFORMATION_FORMAT = dwarf;
				ENABLE_STRICT_OBJC_MSGSEND = YES;
				ENABLE_TESTABILITY = YES;
				ENABLE_USER_SCRIPT_SANDBOXING = YES;
				GCC_C_LANGUAGE_STANDARD = gnu17;
				GCC_DYNAMIC_NO_PIC = NO;
				GCC_NO_COMMON_BLOCKS = YES;
				GCC_OPTIMIZATION_LEVEL = 0;
				GCC_PREPROCESSOR_DEFINITIONS = (
					"DEBUG=1",
					"$(inherited)",
				);
				GCC_WARN_64_TO_32_BIT_CONVERSION = YES;
				GCC_WARN_ABOUT_RETURN_TYPE = YES_ERROR;
				GCC_WARN_UNDECLARED_SELECTOR = YES;
				GCC_WARN_UNINITIALIZED_AUTOS = YES_AGGRESSIVE;
				GCC_WARN_UNUSED_FUNCTION = YES;
				GCC_WARN_UNUSED_VARIABLE = YES;
				IPHONEOS_DEPLOYMENT_TARGET = 17.2;
				LOCALIZATION_PREFERS_STRING_CATALOGS = YES;
				MTL_ENABLE_DEBUG_INFO = INCLUDE_SOURCE;
				MTL_FAST_MATH = YES;
				ONLY_ACTIVE_ARCH = YES;
				SDKROOT = iphoneos;
				SWIFT_ACTIVE_COMPILATION_CONDITIONS = "DEBUG $(inherited)";
				SWIFT_OPTIMIZATION_LEVEL = "-Onone";
			};
			name = Debug;
		};
		225FB5852B7458B600181FE6 /* Release */ = {
			isa = XCBuildConfiguration;
			buildSettings = {
				ALWAYS_SEARCH_USER_PATHS = NO;
				ASSETCATALOG_COMPILER_GENERATE_SWIFT_ASSET_SYMBOL_EXTENSIONS = YES;
				CLANG_ANALYZER_NONNULL = YES;
				CLANG_ANALYZER_NUMBER_OBJECT_CONVERSION = YES_AGGRESSIVE;
				CLANG_CXX_LANGUAGE_STANDARD = "gnu++20";
				CLANG_ENABLE_MODULES = YES;
				CLANG_ENABLE_OBJC_ARC = YES;
				CLANG_ENABLE_OBJC_WEAK = YES;
				CLANG_WARN_BLOCK_CAPTURE_AUTORELEASING = YES;
				CLANG_WARN_BOOL_CONVERSION = YES;
				CLANG_WARN_COMMA = YES;
				CLANG_WARN_CONSTANT_CONVERSION = YES;
				CLANG_WARN_DEPRECATED_OBJC_IMPLEMENTATIONS = YES;
				CLANG_WARN_DIRECT_OBJC_ISA_USAGE = YES_ERROR;
				CLANG_WARN_DOCUMENTATION_COMMENTS = YES;
				CLANG_WARN_EMPTY_BODY = YES;
				CLANG_WARN_ENUM_CONVERSION = YES;
				CLANG_WARN_INFINITE_RECURSION = YES;
				CLANG_WARN_INT_CONVERSION = YES;
				CLANG_WARN_NON_LITERAL_NULL_CONVERSION = YES;
				CLANG_WARN_OBJC_IMPLICIT_RETAIN_SELF = YES;
				CLANG_WARN_OBJC_LITERAL_CONVERSION = YES;
				CLANG_WARN_OBJC_ROOT_CLASS = YES_ERROR;
				CLANG_WARN_QUOTED_INCLUDE_IN_FRAMEWORK_HEADER = YES;
				CLANG_WARN_RANGE_LOOP_ANALYSIS = YES;
				CLANG_WARN_STRICT_PROTOTYPES = YES;
				CLANG_WARN_SUSPICIOUS_MOVE = YES;
				CLANG_WARN_UNGUARDED_AVAILABILITY = YES_AGGRESSIVE;
				CLANG_WARN_UNREACHABLE_CODE = YES;
				CLANG_WARN__DUPLICATE_METHOD_MATCH = YES;
				COPY_PHASE_STRIP = NO;
				DEBUG_INFORMATION_FORMAT = "dwarf-with-dsym";
				ENABLE_NS_ASSERTIONS = NO;
				ENABLE_STRICT_OBJC_MSGSEND = YES;
				ENABLE_USER_SCRIPT_SANDBOXING = YES;
				GCC_C_LANGUAGE_STANDARD = gnu17;
				GCC_NO_COMMON_BLOCKS = YES;
				GCC_WARN_64_TO_32_BIT_CONVERSION = YES;
				GCC_WARN_ABOUT_RETURN_TYPE = YES_ERROR;
				GCC_WARN_UNDECLARED_SELECTOR = YES;
				GCC_WARN_UNINITIALIZED_AUTOS = YES_AGGRESSIVE;
				GCC_WARN_UNUSED_FUNCTION = YES;
				GCC_WARN_UNUSED_VARIABLE = YES;
				IPHONEOS_DEPLOYMENT_TARGET = 17.2;
				LOCALIZATION_PREFERS_STRING_CATALOGS = YES;
				MTL_ENABLE_DEBUG_INFO = NO;
				MTL_FAST_MATH = YES;
				SDKROOT = iphoneos;
				SWIFT_COMPILATION_MODE = wholemodule;
				VALIDATE_PRODUCT = YES;
			};
			name = Release;
		};
		225FB5872B7458B600181FE6 /* Debug */ = {
			isa = XCBuildConfiguration;
			buildSettings = {
				ASSETCATALOG_COMPILER_APPICON_NAME = AppIcon;
				ASSETCATALOG_COMPILER_GLOBAL_ACCENT_COLOR_NAME = AccentColor;
				CODE_SIGN_STYLE = Automatic;
				CURRENT_PROJECT_VERSION = 1;
				DEVELOPMENT_TEAM = T44788J83Y;
				GENERATE_INFOPLIST_FILE = YES;
				INFOPLIST_FILE = CarOptionMiniAppTabitaS/Info.plist;
				INFOPLIST_KEY_UIApplicationSupportsIndirectInputEvents = YES;
				INFOPLIST_KEY_UILaunchStoryboardName = LaunchScreen;
				INFOPLIST_KEY_UIMainStoryboardFile = Main;
				INFOPLIST_KEY_UISupportedInterfaceOrientations_iPad = "UIInterfaceOrientationPortrait UIInterfaceOrientationPortraitUpsideDown UIInterfaceOrientationLandscapeLeft UIInterfaceOrientationLandscapeRight";
				INFOPLIST_KEY_UISupportedInterfaceOrientations_iPhone = "UIInterfaceOrientationPortrait UIInterfaceOrientationLandscapeLeft UIInterfaceOrientationLandscapeRight";
				LD_RUNPATH_SEARCH_PATHS = (
					"$(inherited)",
					"@executable_path/Frameworks",
				);
				MARKETING_VERSION = 1.0;
				PRODUCT_BUNDLE_IDENTIFIER = Tabita.CarOptionMiniAppTabitaS;
				PRODUCT_NAME = "$(TARGET_NAME)";
				SWIFT_EMIT_LOC_STRINGS = YES;
				SWIFT_VERSION = 5.0;
				TARGETED_DEVICE_FAMILY = "1,2";
			};
			name = Debug;
		};
		225FB5882B7458B600181FE6 /* Release */ = {
			isa = XCBuildConfiguration;
			buildSettings = {
				ASSETCATALOG_COMPILER_APPICON_NAME = AppIcon;
				ASSETCATALOG_COMPILER_GLOBAL_ACCENT_COLOR_NAME = AccentColor;
				CODE_SIGN_STYLE = Automatic;
				CURRENT_PROJECT_VERSION = 1;
				DEVELOPMENT_TEAM = T44788J83Y;
				GENERATE_INFOPLIST_FILE = YES;
				INFOPLIST_FILE = CarOptionMiniAppTabitaS/Info.plist;
				INFOPLIST_KEY_UIApplicationSupportsIndirectInputEvents = YES;
				INFOPLIST_KEY_UILaunchStoryboardName = LaunchScreen;
				INFOPLIST_KEY_UIMainStoryboardFile = Main;
				INFOPLIST_KEY_UISupportedInterfaceOrientations_iPad = "UIInterfaceOrientationPortrait UIInterfaceOrientationPortraitUpsideDown UIInterfaceOrientationLandscapeLeft UIInterfaceOrientationLandscapeRight";
				INFOPLIST_KEY_UISupportedInterfaceOrientations_iPhone = "UIInterfaceOrientationPortrait UIInterfaceOrientationLandscapeLeft UIInterfaceOrientationLandscapeRight";
				LD_RUNPATH_SEARCH_PATHS = (
					"$(inherited)",
					"@executable_path/Frameworks",
				);
				MARKETING_VERSION = 1.0;
				PRODUCT_BUNDLE_IDENTIFIER = Tabita.CarOptionMiniAppTabitaS;
				PRODUCT_NAME = "$(TARGET_NAME)";
				SWIFT_EMIT_LOC_STRINGS = YES;
				SWIFT_VERSION = 5.0;
				TARGETED_DEVICE_FAMILY = "1,2";
			};
			name = Release;
		};
		225FB58A2B7458B600181FE6 /* Debug */ = {
			isa = XCBuildConfiguration;
			buildSettings = {
				ALWAYS_EMBED_SWIFT_STANDARD_LIBRARIES = YES;
				BUNDLE_LOADER = "$(TEST_HOST)";
				CODE_SIGN_STYLE = Automatic;
				CURRENT_PROJECT_VERSION = 1;
				DEVELOPMENT_TEAM = T44788J83Y;
				GENERATE_INFOPLIST_FILE = YES;
				IPHONEOS_DEPLOYMENT_TARGET = 17.2;
				MARKETING_VERSION = 1.0;
				PRODUCT_BUNDLE_IDENTIFIER = Tabita.CarOptionMiniAppTabitaSTests;
				PRODUCT_NAME = "$(TARGET_NAME)";
				SWIFT_EMIT_LOC_STRINGS = NO;
				SWIFT_VERSION = 5.0;
				TARGETED_DEVICE_FAMILY = "1,2";
				TEST_HOST = "$(BUILT_PRODUCTS_DIR)/CarOptionMiniAppTabitaS.app/$(BUNDLE_EXECUTABLE_FOLDER_PATH)/CarOptionMiniAppTabitaS";
			};
			name = Debug;
		};
		225FB58B2B7458B600181FE6 /* Release */ = {
			isa = XCBuildConfiguration;
			buildSettings = {
				ALWAYS_EMBED_SWIFT_STANDARD_LIBRARIES = YES;
				BUNDLE_LOADER = "$(TEST_HOST)";
				CODE_SIGN_STYLE = Automatic;
				CURRENT_PROJECT_VERSION = 1;
				DEVELOPMENT_TEAM = T44788J83Y;
				GENERATE_INFOPLIST_FILE = YES;
				IPHONEOS_DEPLOYMENT_TARGET = 17.2;
				MARKETING_VERSION = 1.0;
				PRODUCT_BUNDLE_IDENTIFIER = Tabita.CarOptionMiniAppTabitaSTests;
				PRODUCT_NAME = "$(TARGET_NAME)";
				SWIFT_EMIT_LOC_STRINGS = NO;
				SWIFT_VERSION = 5.0;
				TARGETED_DEVICE_FAMILY = "1,2";
				TEST_HOST = "$(BUILT_PRODUCTS_DIR)/CarOptionMiniAppTabitaS.app/$(BUNDLE_EXECUTABLE_FOLDER_PATH)/CarOptionMiniAppTabitaS";
			};
			name = Release;
		};
		225FB58D2B7458B600181FE6 /* Debug */ = {
			isa = XCBuildConfiguration;
			buildSettings = {
				ALWAYS_EMBED_SWIFT_STANDARD_LIBRARIES = YES;
				CODE_SIGN_STYLE = Automatic;
				CURRENT_PROJECT_VERSION = 1;
				DEVELOPMENT_TEAM = T44788J83Y;
				GENERATE_INFOPLIST_FILE = YES;
				MARKETING_VERSION = 1.0;
				PRODUCT_BUNDLE_IDENTIFIER = Tabita.CarOptionMiniAppTabitaSUITests;
				PRODUCT_NAME = "$(TARGET_NAME)";
				SWIFT_EMIT_LOC_STRINGS = NO;
				SWIFT_VERSION = 5.0;
				TARGETED_DEVICE_FAMILY = "1,2";
				TEST_TARGET_NAME = CarOptionMiniAppTabitaS;
			};
			name = Debug;
		};
		225FB58E2B7458B600181FE6 /* Release */ = {
			isa = XCBuildConfiguration;
			buildSettings = {
				ALWAYS_EMBED_SWIFT_STANDARD_LIBRARIES = YES;
				CODE_SIGN_STYLE = Automatic;
				CURRENT_PROJECT_VERSION = 1;
				DEVELOPMENT_TEAM = T44788J83Y;
				GENERATE_INFOPLIST_FILE = YES;
				MARKETING_VERSION = 1.0;
				PRODUCT_BUNDLE_IDENTIFIER = Tabita.CarOptionMiniAppTabitaSUITests;
				PRODUCT_NAME = "$(TARGET_NAME)";
				SWIFT_EMIT_LOC_STRINGS = NO;
				SWIFT_VERSION = 5.0;
				TARGETED_DEVICE_FAMILY = "1,2";
				TEST_TARGET_NAME = CarOptionMiniAppTabitaS;
			};
			name = Release;
		};
/* End XCBuildConfiguration section */

/* Begin XCConfigurationList section */
		225FB5572B7458B500181FE6 /* Build configuration list for PBXProject "CarOptionMiniAppTabitaS" */ = {
			isa = XCConfigurationList;
			buildConfigurations = (
				225FB5842B7458B600181FE6 /* Debug */,
				225FB5852B7458B600181FE6 /* Release */,
			);
			defaultConfigurationIsVisible = 0;
			defaultConfigurationName = Release;
		};
		225FB5862B7458B600181FE6 /* Build configuration list for PBXNativeTarget "CarOptionMiniAppTabitaS" */ = {
			isa = XCConfigurationList;
			buildConfigurations = (
				225FB5872B7458B600181FE6 /* Debug */,
				225FB5882B7458B600181FE6 /* Release */,
			);
			defaultConfigurationIsVisible = 0;
			defaultConfigurationName = Release;
		};
		225FB5892B7458B600181FE6 /* Build configuration list for PBXNativeTarget "CarOptionMiniAppTabitaSTests" */ = {
			isa = XCConfigurationList;
			buildConfigurations = (
				225FB58A2B7458B600181FE6 /* Debug */,
				225FB58B2B7458B600181FE6 /* Release */,
			);
			defaultConfigurationIsVisible = 0;
			defaultConfigurationName = Release;
		};
		225FB58C2B7458B600181FE6 /* Build configuration list for PBXNativeTarget "CarOptionMiniAppTabitaSUITests" */ = {
			isa = XCConfigurationList;
			buildConfigurations = (
				225FB58D2B7458B600181FE6 /* Debug */,
				225FB58E2B7458B600181FE6 /* Release */,
			);
			defaultConfigurationIsVisible = 0;
			defaultConfigurationName = Release;
		};
/* End XCConfigurationList section */
	};
	rootObject = 225FB5542B7458B500181FE6 /* Project object */;
}
